// !$*UTF8*$!
{
	archiveVersion = 1;
	classes = {
	};
	objectVersion = 46;
	objects = {

/* Begin PBXBuildFile section */
		9A2B49231DD3B1E8002EC4EC /* SambaPlayer.framework in Frameworks */ = {isa = PBXBuildFile; fileRef = 9A2B49221DD3B1E8002EC4EC /* SambaPlayer.framework */; };
		9A2B49241DD3B1E8002EC4EC /* SambaPlayer.framework in Embed Frameworks */ = {isa = PBXBuildFile; fileRef = 9A2B49221DD3B1E8002EC4EC /* SambaPlayer.framework */; settings = {ATTRIBUTES = (CodeSignOnCopy, RemoveHeadersOnCopy, ); }; };
		9A2B49281DD3B281002EC4EC /* GoogleInteractiveMediaAds.framework in Frameworks */ = {isa = PBXBuildFile; fileRef = 9A2B49271DD3B281002EC4EC /* GoogleInteractiveMediaAds.framework */; };
		9AC676331D66214A00768524 /* AppDelegate.swift in Sources */ = {isa = PBXBuildFile; fileRef = 9AC676321D66214A00768524 /* AppDelegate.swift */; };
		9AC676381D66214A00768524 /* Main.storyboard in Resources */ = {isa = PBXBuildFile; fileRef = 9AC676361D66214A00768524 /* Main.storyboard */; };
		9AC6763A1D66214A00768524 /* Assets.xcassets in Resources */ = {isa = PBXBuildFile; fileRef = 9AC676391D66214A00768524 /* Assets.xcassets */; };
		9AC6763D1D66214A00768524 /* LaunchScreen.storyboard in Resources */ = {isa = PBXBuildFile; fileRef = 9AC6763B1D66214A00768524 /* LaunchScreen.storyboard */; };
		9AC6764A1D66227700768524 /* MediaListViewController.swift in Sources */ = {isa = PBXBuildFile; fileRef = 9AC676441D66227700768524 /* MediaListViewController.swift */; };
		9AC6764B1D66227700768524 /* Helpers.swift in Sources */ = {isa = PBXBuildFile; fileRef = 9AC676451D66227700768524 /* Helpers.swift */; };
		9AC6764C1D66227700768524 /* PlayerViewController.swift in Sources */ = {isa = PBXBuildFile; fileRef = 9AC676461D66227700768524 /* PlayerViewController.swift */; };
		9AC6764D1D66227700768524 /* MediaListTableViewCell.swift in Sources */ = {isa = PBXBuildFile; fileRef = 9AC676471D66227700768524 /* MediaListTableViewCell.swift */; };
		9AC6764E1D66227700768524 /* Configs.plist in Resources */ = {isa = PBXBuildFile; fileRef = 9AC676481D66227700768524 /* Configs.plist */; };
		9AD5AAEE1D66489E0052E278 /* main.m in Sources */ = {isa = PBXBuildFile; fileRef = 9AD5AAED1D66489E0052E278 /* main.m */; };
		9AD5AAF11D66489E0052E278 /* AppDelegate.m in Sources */ = {isa = PBXBuildFile; fileRef = 9AD5AAF01D66489E0052E278 /* AppDelegate.m */; };
		9AD5AAF41D66489E0052E278 /* ViewController.m in Sources */ = {isa = PBXBuildFile; fileRef = 9AD5AAF31D66489E0052E278 /* ViewController.m */; };
		9AD5AAF71D66489E0052E278 /* Main.storyboard in Resources */ = {isa = PBXBuildFile; fileRef = 9AD5AAF51D66489E0052E278 /* Main.storyboard */; };
		9AD5AAF91D66489E0052E278 /* Assets.xcassets in Resources */ = {isa = PBXBuildFile; fileRef = 9AD5AAF81D66489E0052E278 /* Assets.xcassets */; };
		9AD5AAFC1D66489E0052E278 /* LaunchScreen.storyboard in Resources */ = {isa = PBXBuildFile; fileRef = 9AD5AAFA1D66489E0052E278 /* LaunchScreen.storyboard */; };
/* End PBXBuildFile section */

/* Begin PBXCopyFilesBuildPhase section */
		9A2B49251DD3B1E8002EC4EC /* Embed Frameworks */ = {
			isa = PBXCopyFilesBuildPhase;
			buildActionMask = 2147483647;
			dstPath = "";
			dstSubfolderSpec = 10;
			files = (
				9A2B49241DD3B1E8002EC4EC /* SambaPlayer.framework in Embed Frameworks */,
			);
			name = "Embed Frameworks";
			runOnlyForDeploymentPostprocessing = 0;
		};
		9AB63DB51D6F906D00938C49 /* Embed Frameworks */ = {
			isa = PBXCopyFilesBuildPhase;
			buildActionMask = 2147483647;
			dstPath = "";
			dstSubfolderSpec = 10;
			files = (
			);
			name = "Embed Frameworks";
			runOnlyForDeploymentPostprocessing = 0;
		};
/* End PBXCopyFilesBuildPhase section */

/* Begin PBXFileReference section */
		9A2B49221DD3B1E8002EC4EC /* SambaPlayer.framework */ = {isa = PBXFileReference; explicitFileType = wrapper.framework; path = SambaPlayer.framework; sourceTree = BUILT_PRODUCTS_DIR; };
		9A2B49271DD3B281002EC4EC /* GoogleInteractiveMediaAds.framework */ = {isa = PBXFileReference; lastKnownFileType = wrapper.framework; name = GoogleInteractiveMediaAds.framework; path = "../player-sdk-ios/Frameworks/GoogleInteractiveMediaAds.framework"; sourceTree = "<group>"; };
		9AC6762F1D66214A00768524 /* SP-v0.2.0.app */ = {isa = PBXFileReference; explicitFileType = wrapper.application; includeInIndex = 0; path = "SP-v0.2.0.app"; sourceTree = BUILT_PRODUCTS_DIR; };
		9AC676321D66214A00768524 /* AppDelegate.swift */ = {isa = PBXFileReference; lastKnownFileType = sourcecode.swift; path = AppDelegate.swift; sourceTree = "<group>"; };
		9AC676371D66214A00768524 /* Base */ = {isa = PBXFileReference; lastKnownFileType = file.storyboard; name = Base; path = Base.lproj/Main.storyboard; sourceTree = "<group>"; };
		9AC676391D66214A00768524 /* Assets.xcassets */ = {isa = PBXFileReference; lastKnownFileType = folder.assetcatalog; path = Assets.xcassets; sourceTree = "<group>"; };
		9AC6763C1D66214A00768524 /* Base */ = {isa = PBXFileReference; lastKnownFileType = file.storyboard; name = Base; path = Base.lproj/LaunchScreen.storyboard; sourceTree = "<group>"; };
		9AC6763E1D66214A00768524 /* Info.plist */ = {isa = PBXFileReference; lastKnownFileType = text.plist.xml; path = Info.plist; sourceTree = "<group>"; };
		9AC676441D66227700768524 /* MediaListViewController.swift */ = {isa = PBXFileReference; fileEncoding = 4; lastKnownFileType = sourcecode.swift; path = MediaListViewController.swift; sourceTree = "<group>"; };
		9AC676451D66227700768524 /* Helpers.swift */ = {isa = PBXFileReference; fileEncoding = 4; lastKnownFileType = sourcecode.swift; path = Helpers.swift; sourceTree = "<group>"; };
		9AC676461D66227700768524 /* PlayerViewController.swift */ = {isa = PBXFileReference; fileEncoding = 4; lastKnownFileType = sourcecode.swift; path = PlayerViewController.swift; sourceTree = "<group>"; };
		9AC676471D66227700768524 /* MediaListTableViewCell.swift */ = {isa = PBXFileReference; fileEncoding = 4; lastKnownFileType = sourcecode.swift; path = MediaListTableViewCell.swift; sourceTree = "<group>"; };
		9AC676481D66227700768524 /* Configs.plist */ = {isa = PBXFileReference; fileEncoding = 4; lastKnownFileType = text.plist.xml; path = Configs.plist; sourceTree = "<group>"; };
		9AC676491D66227700768524 /* Test-Bridging-Header.h */ = {isa = PBXFileReference; fileEncoding = 4; lastKnownFileType = sourcecode.c.h; path = "Test-Bridging-Header.h"; sourceTree = "<group>"; };
		9AD5AAEA1D66489D0052E278 /* SBPlayerSample-objc.app */ = {isa = PBXFileReference; explicitFileType = wrapper.application; includeInIndex = 0; path = "SBPlayerSample-objc.app"; sourceTree = BUILT_PRODUCTS_DIR; };
		9AD5AAED1D66489E0052E278 /* main.m */ = {isa = PBXFileReference; lastKnownFileType = sourcecode.c.objc; path = main.m; sourceTree = "<group>"; };
		9AD5AAEF1D66489E0052E278 /* AppDelegate.h */ = {isa = PBXFileReference; lastKnownFileType = sourcecode.c.h; path = AppDelegate.h; sourceTree = "<group>"; };
		9AD5AAF01D66489E0052E278 /* AppDelegate.m */ = {isa = PBXFileReference; lastKnownFileType = sourcecode.c.objc; path = AppDelegate.m; sourceTree = "<group>"; };
		9AD5AAF21D66489E0052E278 /* ViewController.h */ = {isa = PBXFileReference; lastKnownFileType = sourcecode.c.h; path = ViewController.h; sourceTree = "<group>"; };
		9AD5AAF31D66489E0052E278 /* ViewController.m */ = {isa = PBXFileReference; lastKnownFileType = sourcecode.c.objc; path = ViewController.m; sourceTree = "<group>"; };
		9AD5AAF61D66489E0052E278 /* Base */ = {isa = PBXFileReference; lastKnownFileType = file.storyboard; name = Base; path = Base.lproj/Main.storyboard; sourceTree = "<group>"; };
		9AD5AAF81D66489E0052E278 /* Assets.xcassets */ = {isa = PBXFileReference; lastKnownFileType = folder.assetcatalog; path = Assets.xcassets; sourceTree = "<group>"; };
		9AD5AAFB1D66489E0052E278 /* Base */ = {isa = PBXFileReference; lastKnownFileType = file.storyboard; name = Base; path = Base.lproj/LaunchScreen.storyboard; sourceTree = "<group>"; };
		9AD5AAFD1D66489E0052E278 /* Info.plist */ = {isa = PBXFileReference; lastKnownFileType = text.plist.xml; path = Info.plist; sourceTree = "<group>"; };
/* End PBXFileReference section */

/* Begin PBXFrameworksBuildPhase section */
		9AC6762C1D66214A00768524 /* Frameworks */ = {
			isa = PBXFrameworksBuildPhase;
			buildActionMask = 2147483647;
			files = (
				9A2B49231DD3B1E8002EC4EC /* SambaPlayer.framework in Frameworks */,
				9A2B49281DD3B281002EC4EC /* GoogleInteractiveMediaAds.framework in Frameworks */,
			);
			runOnlyForDeploymentPostprocessing = 0;
		};
		9AD5AAE71D66489D0052E278 /* Frameworks */ = {
			isa = PBXFrameworksBuildPhase;
			buildActionMask = 2147483647;
			files = (
			);
			runOnlyForDeploymentPostprocessing = 0;
		};
/* End PBXFrameworksBuildPhase section */

/* Begin PBXGroup section */
		9A2B49261DD3B281002EC4EC /* Frameworks */ = {
			isa = PBXGroup;
			children = (
				9A2B49271DD3B281002EC4EC /* GoogleInteractiveMediaAds.framework */,
			);
			name = Frameworks;
			sourceTree = "<group>";
		};
		9AC676261D66214A00768524 = {
			isa = PBXGroup;
			children = (
				9A2B49221DD3B1E8002EC4EC /* SambaPlayer.framework */,
				9AC676311D66214A00768524 /* SBPlayerSample */,
				9AD5AAEB1D66489E0052E278 /* SBPlayerSample-objc */,
				9AC676301D66214A00768524 /* Products */,
				9A2B49261DD3B281002EC4EC /* Frameworks */,
			);
			sourceTree = "<group>";
		};
		9AC676301D66214A00768524 /* Products */ = {
			isa = PBXGroup;
			children = (
				9AC6762F1D66214A00768524 /* SP-v0.2.0.app */,
				9AD5AAEA1D66489D0052E278 /* SBPlayerSample-objc.app */,
			);
			name = Products;
			sourceTree = "<group>";
		};
		9AC676311D66214A00768524 /* SBPlayerSample */ = {
			isa = PBXGroup;
			children = (
				9AC676321D66214A00768524 /* AppDelegate.swift */,
				9AC676441D66227700768524 /* MediaListViewController.swift */,
				9AC676451D66227700768524 /* Helpers.swift */,
				9AC676461D66227700768524 /* PlayerViewController.swift */,
				9AC676471D66227700768524 /* MediaListTableViewCell.swift */,
				9AC676481D66227700768524 /* Configs.plist */,
				9AC676491D66227700768524 /* Test-Bridging-Header.h */,
				9AC676361D66214A00768524 /* Main.storyboard */,
				9AC676391D66214A00768524 /* Assets.xcassets */,
				9AC6763B1D66214A00768524 /* LaunchScreen.storyboard */,
				9AC6763E1D66214A00768524 /* Info.plist */,
			);
			path = SBPlayerSample;
			sourceTree = "<group>";
		};
		9AD5AAEB1D66489E0052E278 /* SBPlayerSample-objc */ = {
			isa = PBXGroup;
			children = (
				9AD5AAEF1D66489E0052E278 /* AppDelegate.h */,
				9AD5AAF01D66489E0052E278 /* AppDelegate.m */,
				9AD5AAF21D66489E0052E278 /* ViewController.h */,
				9AD5AAF31D66489E0052E278 /* ViewController.m */,
				9AD5AAF51D66489E0052E278 /* Main.storyboard */,
				9AD5AAF81D66489E0052E278 /* Assets.xcassets */,
				9AD5AAFA1D66489E0052E278 /* LaunchScreen.storyboard */,
				9AD5AAFD1D66489E0052E278 /* Info.plist */,
				9AD5AAEC1D66489E0052E278 /* Supporting Files */,
			);
			path = "SBPlayerSample-objc";
			sourceTree = "<group>";
		};
		9AD5AAEC1D66489E0052E278 /* Supporting Files */ = {
			isa = PBXGroup;
			children = (
				9AD5AAED1D66489E0052E278 /* main.m */,
			);
			name = "Supporting Files";
			sourceTree = "<group>";
		};
/* End PBXGroup section */

/* Begin PBXNativeTarget section */
		9AC6762E1D66214A00768524 /* SP-v0.2.0 */ = {
			isa = PBXNativeTarget;
			buildConfigurationList = 9AC676411D66214A00768524 /* Build configuration list for PBXNativeTarget "SP-v0.2.0" */;
			buildPhases = (
				9AC6762B1D66214A00768524 /* Sources */,
				9AC6762C1D66214A00768524 /* Frameworks */,
				9AC6762D1D66214A00768524 /* Resources */,
				9A2B49251DD3B1E8002EC4EC /* Embed Frameworks */,
			);
			buildRules = (
			);
			dependencies = (
			);
			name = "SP-v0.2.0";
			productName = SBPlayerSample;
			productReference = 9AC6762F1D66214A00768524 /* SP-v0.2.0.app */;
			productType = "com.apple.product-type.application";
		};
		9AD5AAE91D66489D0052E278 /* SBPlayerSample-objc */ = {
			isa = PBXNativeTarget;
			buildConfigurationList = 9AD5AB001D66489E0052E278 /* Build configuration list for PBXNativeTarget "SBPlayerSample-objc" */;
			buildPhases = (
				9AD5AAE61D66489D0052E278 /* Sources */,
				9AD5AAE71D66489D0052E278 /* Frameworks */,
				9AD5AAE81D66489D0052E278 /* Resources */,
				9AB63DB51D6F906D00938C49 /* Embed Frameworks */,
			);
			buildRules = (
			);
			dependencies = (
			);
			name = "SBPlayerSample-objc";
			productName = "SBPlayerSample-objc";
			productReference = 9AD5AAEA1D66489D0052E278 /* SBPlayerSample-objc.app */;
			productType = "com.apple.product-type.application";
		};
/* End PBXNativeTarget section */

/* Begin PBXProject section */
		9AC676271D66214A00768524 /* Project object */ = {
			isa = PBXProject;
			attributes = {
				LastSwiftUpdateCheck = 0730;
				LastUpgradeCheck = 0730;
				ORGANIZATIONNAME = "Samba Tech";
				TargetAttributes = {
					9AC6762E1D66214A00768524 = {
						CreatedOnToolsVersion = 7.3.1;
						DevelopmentTeam = GP968EQAM9;
						LastSwiftMigration = 0810;
					};
					9AD5AAE91D66489D0052E278 = {
						CreatedOnToolsVersion = 7.3.1;
					};
				};
			};
			buildConfigurationList = 9AC6762A1D66214A00768524 /* Build configuration list for PBXProject "SBPlayerSample" */;
			compatibilityVersion = "Xcode 3.2";
			developmentRegion = English;
			hasScannedForEncodings = 0;
			knownRegions = (
				en,
				Base,
			);
			mainGroup = 9AC676261D66214A00768524;
			productRefGroup = 9AC676301D66214A00768524 /* Products */;
			projectDirPath = "";
			projectRoot = "";
			targets = (
				9AC6762E1D66214A00768524 /* SP-v0.2.0 */,
				9AD5AAE91D66489D0052E278 /* SBPlayerSample-objc */,
			);
		};
/* End PBXProject section */

/* Begin PBXResourcesBuildPhase section */
		9AC6762D1D66214A00768524 /* Resources */ = {
			isa = PBXResourcesBuildPhase;
			buildActionMask = 2147483647;
			files = (
				9AC6764E1D66227700768524 /* Configs.plist in Resources */,
				9AC6763D1D66214A00768524 /* LaunchScreen.storyboard in Resources */,
				9AC6763A1D66214A00768524 /* Assets.xcassets in Resources */,
				9AC676381D66214A00768524 /* Main.storyboard in Resources */,
			);
			runOnlyForDeploymentPostprocessing = 0;
		};
		9AD5AAE81D66489D0052E278 /* Resources */ = {
			isa = PBXResourcesBuildPhase;
			buildActionMask = 2147483647;
			files = (
				9AD5AAFC1D66489E0052E278 /* LaunchScreen.storyboard in Resources */,
				9AD5AAF91D66489E0052E278 /* Assets.xcassets in Resources */,
				9AD5AAF71D66489E0052E278 /* Main.storyboard in Resources */,
			);
			runOnlyForDeploymentPostprocessing = 0;
		};
/* End PBXResourcesBuildPhase section */

/* Begin PBXSourcesBuildPhase section */
		9AC6762B1D66214A00768524 /* Sources */ = {
			isa = PBXSourcesBuildPhase;
			buildActionMask = 2147483647;
			files = (
				9AC6764D1D66227700768524 /* MediaListTableViewCell.swift in Sources */,
				9AC6764A1D66227700768524 /* MediaListViewController.swift in Sources */,
				9AC676331D66214A00768524 /* AppDelegate.swift in Sources */,
				9AC6764B1D66227700768524 /* Helpers.swift in Sources */,
				9AC6764C1D66227700768524 /* PlayerViewController.swift in Sources */,
			);
			runOnlyForDeploymentPostprocessing = 0;
		};
		9AD5AAE61D66489D0052E278 /* Sources */ = {
			isa = PBXSourcesBuildPhase;
			buildActionMask = 2147483647;
			files = (
				9AD5AAF41D66489E0052E278 /* ViewController.m in Sources */,
				9AD5AAF11D66489E0052E278 /* AppDelegate.m in Sources */,
				9AD5AAEE1D66489E0052E278 /* main.m in Sources */,
			);
			runOnlyForDeploymentPostprocessing = 0;
		};
/* End PBXSourcesBuildPhase section */

/* Begin PBXVariantGroup section */
		9AC676361D66214A00768524 /* Main.storyboard */ = {
			isa = PBXVariantGroup;
			children = (
				9AC676371D66214A00768524 /* Base */,
			);
			name = Main.storyboard;
			sourceTree = "<group>";
		};
		9AC6763B1D66214A00768524 /* LaunchScreen.storyboard */ = {
			isa = PBXVariantGroup;
			children = (
				9AC6763C1D66214A00768524 /* Base */,
			);
			name = LaunchScreen.storyboard;
			sourceTree = "<group>";
		};
		9AD5AAF51D66489E0052E278 /* Main.storyboard */ = {
			isa = PBXVariantGroup;
			children = (
				9AD5AAF61D66489E0052E278 /* Base */,
			);
			name = Main.storyboard;
			sourceTree = "<group>";
		};
		9AD5AAFA1D66489E0052E278 /* LaunchScreen.storyboard */ = {
			isa = PBXVariantGroup;
			children = (
				9AD5AAFB1D66489E0052E278 /* Base */,
			);
			name = LaunchScreen.storyboard;
			sourceTree = "<group>";
		};
/* End PBXVariantGroup section */

/* Begin XCBuildConfiguration section */
		9AC6763F1D66214A00768524 /* Debug */ = {
			isa = XCBuildConfiguration;
			buildSettings = {
				ALWAYS_SEARCH_USER_PATHS = NO;
				CLANG_ANALYZER_NONNULL = YES;
				CLANG_CXX_LANGUAGE_STANDARD = "gnu++0x";
				CLANG_CXX_LIBRARY = "libc++";
				CLANG_ENABLE_MODULES = YES;
				CLANG_ENABLE_OBJC_ARC = YES;
				CLANG_WARN_BOOL_CONVERSION = YES;
				CLANG_WARN_CONSTANT_CONVERSION = YES;
				CLANG_WARN_DIRECT_OBJC_ISA_USAGE = YES_ERROR;
				CLANG_WARN_EMPTY_BODY = YES;
				CLANG_WARN_ENUM_CONVERSION = YES;
				CLANG_WARN_INT_CONVERSION = YES;
				CLANG_WARN_OBJC_ROOT_CLASS = YES_ERROR;
				CLANG_WARN_UNREACHABLE_CODE = YES;
				CLANG_WARN__DUPLICATE_METHOD_MATCH = YES;
				"CODE_SIGN_IDENTITY[sdk=iphoneos*]" = "iPhone Developer";
				COPY_PHASE_STRIP = NO;
				DEBUG_INFORMATION_FORMAT = dwarf;
				EMBEDDED_CONTENT_CONTAINS_SWIFT = YES;
				ENABLE_STRICT_OBJC_MSGSEND = YES;
				ENABLE_TESTABILITY = YES;
				GCC_C_LANGUAGE_STANDARD = gnu99;
				GCC_DYNAMIC_NO_PIC = NO;
				GCC_NO_COMMON_BLOCKS = YES;
				GCC_OPTIMIZATION_LEVEL = 0;
				GCC_PREPROCESSOR_DEFINITIONS = (
					"DEBUG=1",
					"$(inherited)",
				);
				GCC_WARN_64_TO_32_BIT_CONVERSION = YES;
				GCC_WARN_ABOUT_RETURN_TYPE = YES_ERROR;
				GCC_WARN_UNDECLARED_SELECTOR = YES;
				GCC_WARN_UNINITIALIZED_AUTOS = YES_AGGRESSIVE;
				GCC_WARN_UNUSED_FUNCTION = YES;
				GCC_WARN_UNUSED_VARIABLE = YES;
				IPHONEOS_DEPLOYMENT_TARGET = 9.3;
				MTL_ENABLE_DEBUG_INFO = YES;
				ONLY_ACTIVE_ARCH = YES;
				OTHER_CODE_SIGN_FLAGS = "--deep";
				SDKROOT = iphoneos;
				SWIFT_OPTIMIZATION_LEVEL = "-Onone";
				TARGETED_DEVICE_FAMILY = "1,2";
			};
			name = Debug;
		};
		9AC676401D66214A00768524 /* Release */ = {
			isa = XCBuildConfiguration;
			buildSettings = {
				ALWAYS_SEARCH_USER_PATHS = NO;
				CLANG_ANALYZER_NONNULL = YES;
				CLANG_CXX_LANGUAGE_STANDARD = "gnu++0x";
				CLANG_CXX_LIBRARY = "libc++";
				CLANG_ENABLE_MODULES = YES;
				CLANG_ENABLE_OBJC_ARC = YES;
				CLANG_WARN_BOOL_CONVERSION = YES;
				CLANG_WARN_CONSTANT_CONVERSION = YES;
				CLANG_WARN_DIRECT_OBJC_ISA_USAGE = YES_ERROR;
				CLANG_WARN_EMPTY_BODY = YES;
				CLANG_WARN_ENUM_CONVERSION = YES;
				CLANG_WARN_INT_CONVERSION = YES;
				CLANG_WARN_OBJC_ROOT_CLASS = YES_ERROR;
				CLANG_WARN_UNREACHABLE_CODE = YES;
				CLANG_WARN__DUPLICATE_METHOD_MATCH = YES;
				"CODE_SIGN_IDENTITY[sdk=iphoneos*]" = "iPhone Developer";
				COPY_PHASE_STRIP = NO;
				DEBUG_INFORMATION_FORMAT = "dwarf-with-dsym";
				EMBEDDED_CONTENT_CONTAINS_SWIFT = YES;
				ENABLE_NS_ASSERTIONS = NO;
				ENABLE_STRICT_OBJC_MSGSEND = YES;
				GCC_C_LANGUAGE_STANDARD = gnu99;
				GCC_NO_COMMON_BLOCKS = YES;
				GCC_WARN_64_TO_32_BIT_CONVERSION = YES;
				GCC_WARN_ABOUT_RETURN_TYPE = YES_ERROR;
				GCC_WARN_UNDECLARED_SELECTOR = YES;
				GCC_WARN_UNINITIALIZED_AUTOS = YES_AGGRESSIVE;
				GCC_WARN_UNUSED_FUNCTION = YES;
				GCC_WARN_UNUSED_VARIABLE = YES;
				IPHONEOS_DEPLOYMENT_TARGET = 9.3;
				MTL_ENABLE_DEBUG_INFO = NO;
				OTHER_CODE_SIGN_FLAGS = "--deep";
				SDKROOT = iphoneos;
				TARGETED_DEVICE_FAMILY = "1,2";
				VALIDATE_PRODUCT = YES;
			};
			name = Release;
		};
		9AC676421D66214A00768524 /* Debug */ = {
			isa = XCBuildConfiguration;
			buildSettings = {
				ASSETCATALOG_COMPILER_APPICON_NAME = AppIcon;
				CODE_SIGN_IDENTITY = "iPhone Developer";
				DEVELOPMENT_TEAM = GP968EQAM9;
				FRAMEWORK_SEARCH_PATHS = (
					"$(inherited)",
					"$(PROJECT_DIR)/Carthage/Build/iOS",
				);
				INFOPLIST_FILE = SBPlayerSample/Info.plist;
				LD_RUNPATH_SEARCH_PATHS = "$(inherited) @executable_path/Frameworks";
				PRODUCT_BUNDLE_IDENTIFIER = "com.sambatech.SP-v0.2.0";
				PRODUCT_NAME = "$(TARGET_NAME)";
				SWIFT_VERSION = 3.0;
			};
			name = Debug;
		};
		9AC676431D66214A00768524 /* Release */ = {
			isa = XCBuildConfiguration;
			buildSettings = {
				ASSETCATALOG_COMPILER_APPICON_NAME = AppIcon;
				CODE_SIGN_IDENTITY = "iPhone Developer";
				DEVELOPMENT_TEAM = GP968EQAM9;
				FRAMEWORK_SEARCH_PATHS = (
					"$(inherited)",
					"$(PROJECT_DIR)/Carthage/Build/iOS",
				);
				INFOPLIST_FILE = SBPlayerSample/Info.plist;
				LD_RUNPATH_SEARCH_PATHS = "$(inherited) @executable_path/Frameworks";
				PRODUCT_BUNDLE_IDENTIFIER = "com.sambatech.SP-v0.2.0";
				PRODUCT_NAME = "$(TARGET_NAME)";
				SWIFT_VERSION = 3.0;
			};
			name = Release;
		};
		9AD5AAFE1D66489E0052E278 /* Debug */ = {
			isa = XCBuildConfiguration;
			buildSettings = {
				ASSETCATALOG_COMPILER_APPICON_NAME = AppIcon;
				FRAMEWORK_SEARCH_PATHS = (
					"$(inherited)",
					"$(PROJECT_DIR)/Carthage/Build/iOS",
					"$(PROJECT_DIR)/Build/Products/Debug-iphonesimulator",
				);
				INFOPLIST_FILE = "SBPlayerSample-objc/Info.plist";
				LD_RUNPATH_SEARCH_PATHS = "$(inherited) @executable_path/Frameworks";
				PRODUCT_BUNDLE_IDENTIFIER = "com.sambatech.SBPlayerSample-objc";
				PRODUCT_NAME = "$(TARGET_NAME)";
			};
			name = Debug;
		};
		9AD5AAFF1D66489E0052E278 /* Release */ = {
			isa = XCBuildConfiguration;
			buildSettings = {
				ASSETCATALOG_COMPILER_APPICON_NAME = AppIcon;
				FRAMEWORK_SEARCH_PATHS = (
					"$(inherited)",
					"$(PROJECT_DIR)/Carthage/Build/iOS",
					"$(PROJECT_DIR)/Build/Products/Debug-iphonesimulator",
				);
				INFOPLIST_FILE = "SBPlayerSample-objc/Info.plist";
				LD_RUNPATH_SEARCH_PATHS = "$(inherited) @executable_path/Frameworks";
				PRODUCT_BUNDLE_IDENTIFIER = "com.sambatech.SBPlayerSample-objc";
				PRODUCT_NAME = "$(TARGET_NAME)";
			};
			name = Release;
		};
/* End XCBuildConfiguration section */

/* Begin XCConfigurationList section */
		9AC6762A1D66214A00768524 /* Build configuration list for PBXProject "SBPlayerSample" */ = {
			isa = XCConfigurationList;
			buildConfigurations = (
				9AC6763F1D66214A00768524 /* Debug */,
				9AC676401D66214A00768524 /* Release */,
			);
			defaultConfigurationIsVisible = 0;
			defaultConfigurationName = Release;
		};
		9AC676411D66214A00768524 /* Build configuration list for PBXNativeTarget "SP-v0.2.0" */ = {
			isa = XCConfigurationList;
			buildConfigurations = (
				9AC676421D66214A00768524 /* Debug */,
				9AC676431D66214A00768524 /* Release */,
			);
			defaultConfigurationIsVisible = 0;
			defaultConfigurationName = Release;
		};
		9AD5AB001D66489E0052E278 /* Build configuration list for PBXNativeTarget "SBPlayerSample-objc" */ = {
			isa = XCConfigurationList;
			buildConfigurations = (
				9AD5AAFE1D66489E0052E278 /* Debug */,
				9AD5AAFF1D66489E0052E278 /* Release */,
			);
			defaultConfigurationIsVisible = 0;
			defaultConfigurationName = Release;
		};
/* End XCConfigurationList section */
	};
	rootObject = 9AC676271D66214A00768524 /* Project object */;
}
